{
  "name": "openclaw-brave-plugin-11fe9e3aa3",
  "lockfileVersion": 3,
  "requires": true,
  "packages": {
    "": {
      "dependencies": {
        "@openclaw/brave-plugin": "2026.7.1"
      }
    },
    "node_modules/@openclaw/brave-plugin": {
      "version": "2026.7.1",
      "resolved": "https://registry.npmjs.org/@openclaw/brave-plugin/-/brave-plugin-2026.7.1.tgz",
      "integrity": "sha512-7Z+GZ/6K6a8LlkTsWVnAZ1hv8EarORzHQvFHD7ekcg033FGJOXYPEZSbvvE3qR9vM+vnoZplNjMZ7vFMRcvQgw==",
      "hasShrinkwrap": true,
      "peerDependencies": {
        "openclaw": ">=2026.7.1"
      },
      "peerDependenciesMeta": {
        "openclaw": {
          "optional": true
        }
      }
    }
  }
}
